
Microsoft Visual Studio Solution File, Format Version 11.00
# Visual Studio 2010
Project("{8BC9CEB8-8B4A-11D0-8D11-00A0C91BC942}") = "OgreAddsOnLearn", "OgreAddsOnLearn\OgreAddsOnLearn.vcxproj", "{3DFF2B82-40EF-44B2-B0AB-BA7D099DE8E4}"
EndProject
Project("{8BC9CEB8-8B4A-11D0-8D11-00A0C91BC942}") = "BaseAppFrame", "BaseAppFrame\BaseAppFrame.vcxproj", "{D51D440D-6C23-425E-8FBD-F896FFEB50DD}"
EndProject
Global
	GlobalSection(SolutionConfigurationPlatforms) = preSolution
		Debug|Win32 = Debug|Win32
		Release|Win32 = Release|Win32
	EndGlobalSection
	GlobalSection(ProjectConfigurationPlatforms) = postSolution
		{3DFF2B82-40EF-44B2-B0AB-BA7D099DE8E4}.Debug|Win32.ActiveCfg = Debug|Win32
		{3DFF2B82-40EF-44B2-B0AB-BA7D099DE8E4}.Debug|Win32.Build.0 = Debug|Win32
		{3DFF2B82-40EF-44B2-B0AB-BA7D099DE8E4}.Release|Win32.ActiveCfg = Release|Win32
		{3DFF2B82-40EF-44B2-B0AB-BA7D099DE8E4}.Release|Win32.Build.0 = Release|Win32
		{D51D440D-6C23-425E-8FBD-F896FFEB50DD}.Debug|Win32.ActiveCfg = Debug|Win32
		{D51D440D-6C23-425E-8FBD-F896FFEB50DD}.Debug|Win32.Build.0 = Debug|Win32
		{D51D440D-6C23-425E-8FBD-F896FFEB50DD}.Release|Win32.ActiveCfg = Release|Win32
		{D51D440D-6C23-425E-8FBD-F896FFEB50DD}.Release|Win32.Build.0 = Release|Win32
	EndGlobalSection
	GlobalSection(SolutionProperties) = preSolution
		HideSolutionNode = FALSE
	EndGlobalSection
EndGlobal
